
Microsoft Visual Studio Solution File, Format Version 12.00
# Visual Studio Version 17
VisualStudioVersion = 17.2.32526.322
MinimumVisualStudioVersion = 10.0.40219.1
Project("{FAE04EC0-301F-11D3-BF4B-00C04F79EFBC}") = "PROJET", "PROJET\PROJET.csproj", "{2F174AE2-DED1-48CC-B3F1-BCD8A555702A}"
EndProject
Global
	GlobalSection(SolutionConfigurationPlatforms) = preSolution
		Debug|Any CPU = Debug|Any CPU
		Release|Any CPU = Release|Any CPU
	EndGlobalSection
	GlobalSection(ProjectConfigurationPlatforms) = postSolution
		{2F174AE2-DED1-48CC-B3F1-BCD8A555702A}.Debug|Any CPU.ActiveCfg = Debug|Any CPU
		{2F174AE2-DED1-48CC-B3F1-BCD8A555702A}.Debug|Any CPU.Build.0 = Debug|Any CPU
		{2F174AE2-DED1-48CC-B3F1-BCD8A555702A}.Release|Any CPU.ActiveCfg = Release|Any CPU
		{2F174AE2-DED1-48CC-B3F1-BCD8A555702A}.Release|Any CPU.Build.0 = Release|Any CPU
	EndGlobalSection
	GlobalSection(SolutionProperties) = preSolution
		HideSolutionNode = FALSE
	EndGlobalSection
	GlobalSection(ExtensibilityGlobals) = postSolution
		SolutionGuid = {4C6B7BBB-9CA5-4BA9-919D-973C7E5EFF69}
	EndGlobalSection
EndGlobal
